// !$*UTF8*$!
{
	archiveVersion = 1;
	classes = {
	};
	objectVersion = 39;
	objects = {
		014CEA440018CDF011CA2923 = {
			buildSettings = {
				COPY_PHASE_STRIP = NO;
				GCC_DYNAMIC_NO_PIC = NO;
				GCC_ENABLE_FIX_AND_CONTINUE = YES;
				GCC_GENERATE_DEBUGGING_SYMBOLS = YES;
				GCC_OPTIMIZATION_LEVEL = 0;
				OPTIMIZATION_CFLAGS = "-O0";
				ZERO_LINK = YES;
			};
			isa = PBXBuildStyle;
			name = Development;
		};
		014CEA450018CDF011CA2923 = {
			buildSettings = {
				COPY_PHASE_STRIP = YES;
				GCC_ENABLE_FIX_AND_CONTINUE = NO;
				ZERO_LINK = NO;
			};
			isa = PBXBuildStyle;
			name = Deployment;
		};
//010
//011
//012
//013
//014
//030
//031
//032
//033
//034
		034768DFFF38A50411DB9C8B = {
			children = (
				19B65289054B448E003FAD43,
				19B652AE054B45C2003FAD43,
				19F98F58054B472600CF6A23,
			);
			isa = PBXGroup;
			name = Products;
			refType = 4;
			sourceTree = "<group>";
		};
//030
//031
//032
//033
//034
//080
//081
//082
//083
//084
		0867D690FE84028FC02AAC07 = {
			buildSettings = {
			};
			buildStyles = (
				014CEA440018CDF011CA2923,
				014CEA450018CDF011CA2923,
			);
			hasScannedForEncodings = 1;
			isa = PBXProject;
			mainGroup = 0867D691FE84028FC02AAC07;
			productRefGroup = 034768DFFF38A50411DB9C8B;
			projectDirPath = "";
			targets = (
				19B6528F054B45C2003FAD43,
				19B6525C054B448D003FAD43,
				19F98F30054B472500CF6A23,
			);
		};
		0867D691FE84028FC02AAC07 = {
			children = (
				08FB77AEFE84172EC02AAC07,
				32C88DFF0371C24200C91783,
				089C1665FE841158C02AAC07,
				0867D69AFE84028FC02AAC07,
				034768DFFF38A50411DB9C8B,
				19B652AD054B45C2003FAD43,
			);
			isa = PBXGroup;
			name = Fitx;
			refType = 4;
			sourceTree = "<group>";
		};
		0867D69AFE84028FC02AAC07 = {
			children = (
				1058C7B0FEA5585E11CA2CBB,
				1058C7B2FEA5585E11CA2CBB,
				199F07A1051A9F4100A80108,
			);
			isa = PBXGroup;
			name = "External Frameworks and Libraries";
			refType = 4;
			sourceTree = "<group>";
		};
		0867D69BFE84028FC02AAC07 = {
			isa = PBXFileReference;
			lastKnownFileType = wrapper.framework;
			name = Foundation.framework;
			path = /System/Library/Frameworks/Foundation.framework;
			refType = 0;
			sourceTree = "<absolute>";
		};
		0867D6A5FE840307C02AAC07 = {
			isa = PBXFileReference;
			lastKnownFileType = wrapper.framework;
			name = AppKit.framework;
			path = /System/Library/Frameworks/AppKit.framework;
			refType = 0;
			sourceTree = "<absolute>";
		};
		089C1665FE841158C02AAC07 = {
			children = (
				089C1666FE841158C02AAC07,
			);
			isa = PBXGroup;
			name = Resources;
			refType = 4;
			sourceTree = "<group>";
		};
		089C1666FE841158C02AAC07 = {
			children = (
				089C1667FE841158C02AAC07,
			);
			isa = PBXVariantGroup;
			name = InfoPlist.strings;
			refType = 4;
			sourceTree = "<group>";
		};
		089C1667FE841158C02AAC07 = {
			fileEncoding = 10;
			isa = PBXFileReference;
			lastKnownFileType = text.plist.strings;
			name = English;
			path = English.lproj/InfoPlist.strings;
			refType = 4;
			sourceTree = "<group>";
		};
		08FB77AEFE84172EC02AAC07 = {
			children = (
			);
			isa = PBXGroup;
			name = Classes;
			refType = 4;
			sourceTree = "<group>";
		};
		08FB77B4FE84181DC02AAC07 = {
			fileEncoding = 4;
			isa = PBXFileReference;
			lastKnownFileType = sourcecode.c.c;
			name = main.c;
			path = src/main.c;
			refType = 4;
			sourceTree = "<group>";
		};
//080
//081
//082
//083
//084
//100
//101
//102
//103
//104
		1058C7B0FEA5585E11CA2CBB = {
			children = (
				1058C7B1FEA5585E11CA2CBB,
			);
			isa = PBXGroup;
			name = "Linked Frameworks";
			refType = 4;
			sourceTree = "<group>";
		};
		1058C7B1FEA5585E11CA2CBB = {
			isa = PBXFileReference;
			lastKnownFileType = wrapper.framework;
			name = Cocoa.framework;
			path = /System/Library/Frameworks/Cocoa.framework;
			refType = 0;
			sourceTree = "<absolute>";
		};
		1058C7B2FEA5585E11CA2CBB = {
			children = (
				0867D69BFE84028FC02AAC07,
				0867D6A5FE840307C02AAC07,
			);
			isa = PBXGroup;
			name = "Other Frameworks";
			refType = 4;
			sourceTree = "<group>";
		};
//100
//101
//102
//103
//104
//190
//191
//192
//193
//194
		190A4E5505238FA600A80108 = {
			fileEncoding = 4;
			isa = PBXFileReference;
			lastKnownFileType = sourcecode.c.objc;
			name = FileRunner.m;
			path = src/fit/FileRunner.m;
			refType = 4;
			sourceTree = "<group>";
		};
		190A4E580523904700A80108 = {
			fileEncoding = 4;
			isa = PBXFileReference;
			lastKnownFileType = sourcecode.c.h;
			name = FileRunner.h;
			path = src/fit/FileRunner.h;
			refType = 4;
			sourceTree = "<group>";
		};
		190A4E6E0523CA2900A80108 = {
			fileEncoding = 4;
			isa = PBXFileReference;
			lastKnownFileType = sourcecode.c.h;
			name = PrimitiveFixture.h;
			path = src/fit/PrimitiveFixture.h;
			refType = 4;
			sourceTree = "<group>";
		};
		190A4E6F0523CA2900A80108 = {
			fileEncoding = 4;
			isa = PBXFileReference;
			lastKnownFileType = sourcecode.c.objc;
			name = PrimitiveFixture.m;
			path = src/fit/PrimitiveFixture.m;
			refType = 4;
			sourceTree = "<group>";
		};
		190A4E740523CC5300A80108 = {
			fileEncoding = 4;
			isa = PBXFileReference;
			lastKnownFileType = sourcecode.c.h;
			name = EGArithmeticFixture.h;
			path = src/eg/EGArithmeticFixture.h;
			refType = 4;
			sourceTree = "<group>";
		};
		190A4E750523CC5300A80108 = {
			fileEncoding = 4;
			isa = PBXFileReference;
			lastKnownFileType = sourcecode.c.objc;
			name = EGArithmeticFixture.m;
			path = src/eg/EGArithmeticFixture.m;
			refType = 4;
			sourceTree = "<group>";
		};
		190A4E810523F20E00A80108 = {
			fileEncoding = 4;
			isa = PBXFileReference;
			lastKnownFileType = sourcecode.c.h;
			name = FITSummary.h;
			path = src/fit/FITSummary.h;
			refType = 4;
			sourceTree = "<group>";
		};
		190A4E820523F20E00A80108 = {
			fileEncoding = 4;
			isa = PBXFileReference;
			lastKnownFileType = sourcecode.c.objc;
			name = FITSummary.m;
			path = src/fit/FITSummary.m;
			refType = 4;
			sourceTree = "<group>";
		};
		190D698F051AA34900A80108 = {
			fileEncoding = 30;
			isa = PBXFileReference;
			lastKnownFileType = sourcecode.c.h;
			name = Fit_Prefix.h;
			path = src/Fit_Prefix.h;
			refType = 4;
			sourceTree = "<group>";
		};
		190D6991051AA6D500A80108 = {
			fileEncoding = 4;
			isa = PBXFileReference;
			lastKnownFileType = sourcecode.c.h;
			name = FrameworkTest.h;
			path = src/fit/FrameworkTest.h;
			refType = 4;
			sourceTree = "<group>";
		};
		190D6992051AA6D500A80108 = {
			fileEncoding = 4;
			isa = PBXFileReference;
			lastKnownFileType = sourcecode.c.objc;
			name = FrameworkTest.m;
			path = src/fit/FrameworkTest.m;
			refType = 4;
			sourceTree = "<group>";
		};
		190D6995051AA7F400A80108 = {
			fileEncoding = 4;
			isa = PBXFileReference;
			lastKnownFileType = sourcecode.c.h;
			name = Parse.h;
			path = src/fit/Parse.h;
			refType = 4;
			sourceTree = "<group>";
		};
		190D6996051AA7F400A80108 = {
			fileEncoding = 4;
			isa = PBXFileReference;
			lastKnownFileType = sourcecode.c.objc;
			name = Parse.m;
			path = src/fit/Parse.m;
			refType = 4;
			sourceTree = "<group>";
		};
		19814EF2052BBD5700A80108 = {
			fileEncoding = 4;
			isa = PBXFileReference;
			lastKnownFileType = sourcecode.c.h;
			name = EGCalculator.h;
			path = src/eg/EGCalculator.h;
			refType = 4;
			sourceTree = "<group>";
		};
		19814EF3052BBD5700A80108 = {
			fileEncoding = 4;
			isa = PBXFileReference;
			lastKnownFileType = sourcecode.c.objc;
			name = EGCalculator.m;
			path = src/eg/EGCalculator.m;
			refType = 4;
			sourceTree = "<group>";
		};
		198F4BCA0544A8F900A80108 = {
			fileEncoding = 4;
			isa = PBXFileReference;
			lastKnownFileType = sourcecode.c.h;
			name = EGMusicRealtime.h;
			path = src/eg/music/EGMusicRealtime.h;
			refType = 4;
			sourceTree = "<group>";
		};
		198F4BCB0544A8F900A80108 = {
			fileEncoding = 4;
			isa = PBXFileReference;
			lastKnownFileType = sourcecode.c.objc;
			name = EGMusicRealtime.m;
			path = src/eg/music/EGMusicRealtime.m;
			refType = 4;
			sourceTree = "<group>";
		};
		199F07A1051A9F4100A80108 = {
			isa = PBXFileReference;
			lastKnownFileType = wrapper.framework;
			name = ObjcUnit.framework;
			path = /Users/stevennewton/Library/Frameworks/ObjcUnit.framework;
			refType = 0;
			sourceTree = "<absolute>";
		};
		199F07AB051A9F9D00A80108 = {
			fileEncoding = 4;
			isa = PBXFileReference;
			lastKnownFileType = sourcecode.c.objc;
			name = test_main.m;
			path = src/test_main.m;
			refType = 4;
			sourceTree = "<group>";
		};
		199F07AD051A9FFB00A80108 = {
			fileEncoding = 4;
			isa = PBXFileReference;
			lastKnownFileType = sourcecode.c.h;
			name = AllTests.h;
			path = src/AllTests.h;
			refType = 4;
			sourceTree = "<group>";
		};
		199F07AE051A9FFB00A80108 = {
			fileEncoding = 4;
			isa = PBXFileReference;
			lastKnownFileType = sourcecode.c.objc;
			name = AllTests.m;
			path = src/AllTests.m;
			refType = 4;
			sourceTree = "<group>";
		};
		19A8EBD0053DEE0C00A80108 = {
			fileEncoding = 4;
			isa = PBXFileReference;
			lastKnownFileType = sourcecode.c.h;
			name = EGMusicDisplay.h;
			path = src/eg/music/EGMusicDisplay.h;
			refType = 4;
			sourceTree = "<group>";
		};
		19A8EBD1053DEE0C00A80108 = {
			fileEncoding = 4;
			isa = PBXFileReference;
			lastKnownFileType = sourcecode.c.objc;
			name = EGMusicDisplay.m;
			path = src/eg/music/EGMusicDisplay.m;
			refType = 4;
			sourceTree = "<group>";
		};
		19A8EBD6053DEE4000A80108 = {
			fileEncoding = 4;
			isa = PBXFileReference;
			lastKnownFileType = sourcecode.c.h;
			name = RowFixture.h;
			path = src/fit/RowFixture.h;
			refType = 4;
			sourceTree = "<group>";
		};
		19A8EBD7053DEE4000A80108 = {
			fileEncoding = 4;
			isa = PBXFileReference;
			lastKnownFileType = sourcecode.c.objc;
			name = RowFixture.m;
			path = src/fit/RowFixture.m;
			refType = 4;
			sourceTree = "<group>";
		};
		19A8EBDE053DF0AF00A80108 = {
			fileEncoding = 4;
			isa = PBXFileReference;
			lastKnownFileType = sourcecode.c.h;
			name = MusicLibrary.h;
			path = src/eg/music/MusicLibrary.h;
			refType = 4;
			sourceTree = "<group>";
		};
		19A8EBDF053DF0AF00A80108 = {
			fileEncoding = 4;
			isa = PBXFileReference;
			lastKnownFileType = sourcecode.c.objc;
			name = MusicLibrary.m;
			path = src/eg/music/MusicLibrary.m;
			refType = 4;
			sourceTree = "<group>";
		};
		19B65225054B414A003FAD43 = {
			containerPortal = 0867D690FE84028FC02AAC07;
			isa = PBXContainerItemProxy;
			proxyType = 1;
			remoteGlobalIDString = 0867D69CFE84028FC02AAC07;
			remoteInfo = FitX;
		};
		19B6525C054B448D003FAD43 = {
			buildPhases = (
				19B6525E054B448D003FAD43,
				19B65271054B448D003FAD43,
				19B65284054B448D003FAD43,
				19B65287054B448D003FAD43,
			);
			buildRules = (
			);
			buildSettings = {
				CC = "/usr/bin/gcc-3.3";
				CPLUSPLUS = "/usr/bin/g++-3.3";
				FRAMEWORK_SEARCH_PATHS = /Users/stevennewton/Library/Frameworks;
				GCC_PRECOMPILE_PREFIX_HEADER = YES;
				GCC_PREFIX_HEADER = src/Fit_Prefix.h;
				GCC_WARN_FOUR_CHARACTER_CONSTANTS = NO;
				GCC_WARN_UNKNOWN_PRAGMAS = NO;
				OTHER_CFLAGS = "";
				OTHER_LDFLAGS = "";
				OTHER_REZFLAGS = "";
				PRODUCT_NAME = "All Tests";
				REZ_EXECUTABLE = YES;
				SECTORDER_FLAGS = "";
				WARNING_CFLAGS = "-Wmost";
			};
			dependencies = (
				19B6525D054B448D003FAD43,
			);
			isa = PBXNativeTarget;
			name = "All Tests";
			productInstallPath = /usr/local/bin;
			productName = "All Tests";
			productReference = 19B65289054B448E003FAD43;
			productType = "com.apple.product-type.tool";
		};
		19B6525D054B448D003FAD43 = {
			isa = PBXTargetDependency;
			target = 19B6528F054B45C2003FAD43;
			targetProxy = 19B65225054B414A003FAD43;
		};
		19B6525E054B448D003FAD43 = {
			buildActionMask = 2147483647;
			files = (
				19B6525F054B448D003FAD43,
				19B65260054B448D003FAD43,
				19B65261054B448D003FAD43,
				19B65262054B448D003FAD43,
				19B65263054B448D003FAD43,
				19B65264054B448D003FAD43,
				19B65265054B448D003FAD43,
				19B65266054B448D003FAD43,
				19B65267054B448D003FAD43,
				19B65268054B448D003FAD43,
				19B65269054B448D003FAD43,
				19B6526A054B448D003FAD43,
				19B6526B054B448D003FAD43,
				19B6526C054B448D003FAD43,
				19B6526D054B448D003FAD43,
				19B6526E054B448D003FAD43,
				19B6526F054B448D003FAD43,
				19B65270054B448D003FAD43,
			);
			isa = PBXHeadersBuildPhase;
			runOnlyForDeploymentPostprocessing = 0;
		};
		19B6525F054B448D003FAD43 = {
			fileRef = 199F07AD051A9FFB00A80108;
			isa = PBXBuildFile;
			settings = {
			};
		};
		19B65260054B448D003FAD43 = {
			fileRef = 190D6991051AA6D500A80108;
			isa = PBXBuildFile;
			settings = {
			};
		};
		19B65261054B448D003FAD43 = {
			fileRef = 190D6995051AA7F400A80108;
			isa = PBXBuildFile;
			settings = {
			};
		};
		19B65262054B448D003FAD43 = {
			fileRef = 19C099D605200C2100A80108;
			isa = PBXBuildFile;
			settings = {
			};
		};
		19B65263054B448D003FAD43 = {
			fileRef = 19C099DC052099CB00A80108;
			isa = PBXBuildFile;
			settings = {
			};
		};
		19B65264054B448D003FAD43 = {
			fileRef = 190A4E740523CC5300A80108;
			isa = PBXBuildFile;
			settings = {
			};
		};
		19B65265054B448D003FAD43 = {
			fileRef = 190A4E6E0523CA2900A80108;
			isa = PBXBuildFile;
			settings = {
			};
		};
		19B65266054B448D003FAD43 = {
			fileRef = 190A4E810523F20E00A80108;
			isa = PBXBuildFile;
			settings = {
			};
		};
		19B65267054B448D003FAD43 = {
			fileRef = 19E91CC5052940B700A80108;
			isa = PBXBuildFile;
			settings = {
			};
		};
		19B65268054B448D003FAD43 = {
			fileRef = 19E91CCB0529412600A80108;
			isa = PBXBuildFile;
			settings = {
			};
		};
		19B65269054B448D003FAD43 = {
			fileRef = 19E91CD80529635B00A80108;
			isa = PBXBuildFile;
			settings = {
			};
		};
		19B6526A054B448D003FAD43 = {
			fileRef = 19814EF2052BBD5700A80108;
			isa = PBXBuildFile;
			settings = {
			};
		};
		19B6526B054B448D003FAD43 = {
			fileRef = 19EB149D053C7E1B00A80108;
			isa = PBXBuildFile;
			settings = {
			};
		};
		19B6526C054B448D003FAD43 = {
			fileRef = 19EB14A7053CA5E000A80108;
			isa = PBXBuildFile;
			settings = {
			};
		};
		19B6526D054B448D003FAD43 = {
			fileRef = 19A8EBD0053DEE0C00A80108;
			isa = PBXBuildFile;
			settings = {
			};
		};
		19B6526E054B448D003FAD43 = {
			fileRef = 19A8EBD6053DEE4000A80108;
			isa = PBXBuildFile;
			settings = {
			};
		};
		19B6526F054B448D003FAD43 = {
			fileRef = 19A8EBDE053DF0AF00A80108;
			isa = PBXBuildFile;
			settings = {
			};
		};
		19B65270054B448D003FAD43 = {
			fileRef = 198F4BCA0544A8F900A80108;
			isa = PBXBuildFile;
			settings = {
			};
		};
		19B65271054B448D003FAD43 = {
			buildActionMask = 2147483647;
			files = (
				19B65272054B448D003FAD43,
				19B65273054B448D003FAD43,
				19B65274054B448D003FAD43,
				19B65275054B448D003FAD43,
				19B65276054B448D003FAD43,
				19B65277054B448D003FAD43,
				19B65278054B448D003FAD43,
				19B65279054B448D003FAD43,
				19B6527A054B448D003FAD43,
				19B6527B054B448D003FAD43,
				19B6527C054B448D003FAD43,
				19B6527D054B448D003FAD43,
				19B6527E054B448D003FAD43,
				19B6527F054B448D003FAD43,
				19B65280054B448D003FAD43,
				19B65281054B448D003FAD43,
				19B65282054B448D003FAD43,
				19B65283054B448D003FAD43,
			);
			isa = PBXSourcesBuildPhase;
			runOnlyForDeploymentPostprocessing = 0;
		};
		19B65272054B448D003FAD43 = {
			fileRef = 199F07AB051A9F9D00A80108;
			isa = PBXBuildFile;
			settings = {
			};
		};
		19B65273054B448D003FAD43 = {
			fileRef = 199F07AE051A9FFB00A80108;
			isa = PBXBuildFile;
			settings = {
			};
		};
		19B65274054B448D003FAD43 = {
			fileRef = 190D6992051AA6D500A80108;
			isa = PBXBuildFile;
			settings = {
			};
		};
		19B65275054B448D003FAD43 = {
			fileRef = 190D6996051AA7F400A80108;
			isa = PBXBuildFile;
			settings = {
			};
		};
		19B65276054B448D003FAD43 = {
			fileRef = 19C099D705200C2100A80108;
			isa = PBXBuildFile;
			settings = {
			};
		};
		19B65277054B448D003FAD43 = {
			fileRef = 19C099DD052099CB00A80108;
			isa = PBXBuildFile;
			settings = {
			};
		};
		19B65278054B448D003FAD43 = {
			fileRef = 190A4E750523CC5300A80108;
			isa = PBXBuildFile;
			settings = {
			};
		};
		19B65279054B448D003FAD43 = {
			fileRef = 190A4E6F0523CA2900A80108;
			isa = PBXBuildFile;
			settings = {
			};
		};
		19B6527A054B448D003FAD43 = {
			fileRef = 190A4E820523F20E00A80108;
			isa = PBXBuildFile;
			settings = {
			};
		};
		19B6527B054B448D003FAD43 = {
			fileRef = 19E91CC6052940B700A80108;
			isa = PBXBuildFile;
			settings = {
			};
		};
		19B6527C054B448D003FAD43 = {
			fileRef = 19E91CCC0529412600A80108;
			isa = PBXBuildFile;
			settings = {
			};
		};
		19B6527D054B448D003FAD43 = {
			fileRef = 19814EF3052BBD5700A80108;
			isa = PBXBuildFile;
			settings = {
			};
		};
		19B6527E054B448D003FAD43 = {
			fileRef = 19EB149E053C7E1B00A80108;
			isa = PBXBuildFile;
			settings = {
			};
		};
		19B6527F054B448D003FAD43 = {
			fileRef = 19EB14A8053CA5E000A80108;
			isa = PBXBuildFile;
			settings = {
			};
		};
		19B65280054B448D003FAD43 = {
			fileRef = 19A8EBD7053DEE4000A80108;
			isa = PBXBuildFile;
			settings = {
			};
		};
		19B65281054B448D003FAD43 = {
			fileRef = 19A8EBDF053DF0AF00A80108;
			isa = PBXBuildFile;
			settings = {
			};
		};
		19B65282054B448D003FAD43 = {
			fileRef = 19A8EBD1053DEE0C00A80108;
			isa = PBXBuildFile;
			settings = {
			};
		};
		19B65283054B448D003FAD43 = {
			fileRef = 198F4BCB0544A8F900A80108;
			isa = PBXBuildFile;
			settings = {
			};
		};
		19B65284054B448D003FAD43 = {
			buildActionMask = 2147483647;
			files = (
				19B65285054B448D003FAD43,
				19B65286054B448D003FAD43,
			);
			isa = PBXFrameworksBuildPhase;
			runOnlyForDeploymentPostprocessing = 0;
		};
		19B65285054B448D003FAD43 = {
			fileRef = 199F07A1051A9F4100A80108;
			isa = PBXBuildFile;
			settings = {
			};
		};
		19B65286054B448D003FAD43 = {
			fileRef = 1058C7B1FEA5585E11CA2CBB;
			isa = PBXBuildFile;
			settings = {
			};
		};
		19B65287054B448D003FAD43 = {
			buildActionMask = 2147483647;
			files = (
			);
			isa = PBXRezBuildPhase;
			runOnlyForDeploymentPostprocessing = 0;
		};
		19B65289054B448E003FAD43 = {
			explicitFileType = "compiled.mach-o.executable";
			includeInIndex = 0;
			isa = PBXFileReference;
			path = "All Tests";
			refType = 3;
			sourceTree = BUILT_PRODUCTS_DIR;
		};
		19B6528F054B45C2003FAD43 = {
			buildPhases = (
				19B65290054B45C2003FAD43,
				19B6529C054B45C2003FAD43,
				19B6529E054B45C2003FAD43,
				19B652A9054B45C2003FAD43,
				19B652AB054B45C2003FAD43,
			);
			buildRules = (
			);
			buildSettings = {
				CC = "/usr/bin/gcc-3.3";
				CPLUSPLUS = "/usr/bin/g++-3.3";
				DYLIB_COMPATIBILITY_VERSION = 1;
				DYLIB_CURRENT_VERSION = 1;
				FRAMEWORK_SEARCH_PATHS = "";
				FRAMEWORK_VERSION = A;
				GCC_PRECOMPILE_PREFIX_HEADER = YES;
				GCC_PREFIX_HEADER = src/Fit_Prefix.h;
				GCC_WARN_FOUR_CHARACTER_CONSTANTS = NO;
				GCC_WARN_UNKNOWN_PRAGMAS = NO;
				HEADER_SEARCH_PATHS = "";
				INFOPLIST_FILE = "Info-FitX__Upgraded_.plist";
				INSTALL_PATH = "$(HOME)/Library/Frameworks";
				LIBRARY_SEARCH_PATHS = "";
				OTHER_LDFLAGS = "";
				PRODUCT_NAME = Fitx;
				SECTORDER_FLAGS = "";
				WARNING_CFLAGS = "-Wmost";
				WRAPPER_EXTENSION = framework;
			};
			dependencies = (
			);
			isa = PBXNativeTarget;
			name = FitX;
			productInstallPath = "$(HOME)/Library/Frameworks";
			productName = Fitx;
			productReference = 19B652AE054B45C2003FAD43;
			productType = "com.apple.product-type.framework";
		};
		19B65290054B45C2003FAD43 = {
			buildActionMask = 2147483647;
			files = (
				19B65291054B45C2003FAD43,
				19B65292054B45C2003FAD43,
				19B65293054B45C2003FAD43,
				19B65294054B45C2003FAD43,
				19B65295054B45C2003FAD43,
				19B65296054B45C2003FAD43,
				19B65297054B45C2003FAD43,
				19B65298054B45C2003FAD43,
				19B65299054B45C2003FAD43,
				19B6529A054B45C2003FAD43,
				19B6529B054B45C2003FAD43,
			);
			isa = PBXHeadersBuildPhase;
			runOnlyForDeploymentPostprocessing = 0;
		};
		19B65291054B45C2003FAD43 = {
			fileRef = 190D698F051AA34900A80108;
			isa = PBXBuildFile;
			settings = {
			};
		};
		19B65292054B45C2003FAD43 = {
			fileRef = 190D6995051AA7F400A80108;
			isa = PBXBuildFile;
			settings = {
			};
		};
		19B65293054B45C2003FAD43 = {
			fileRef = 19C099D605200C2100A80108;
			isa = PBXBuildFile;
			settings = {
			};
		};
		19B65294054B45C2003FAD43 = {
			fileRef = 19C099DC052099CB00A80108;
			isa = PBXBuildFile;
			settings = {
			};
		};
		19B65295054B45C2003FAD43 = {
			fileRef = 190A4E580523904700A80108;
			isa = PBXBuildFile;
			settings = {
			};
		};
		19B65296054B45C2003FAD43 = {
			fileRef = 190A4E6E0523CA2900A80108;
			isa = PBXBuildFile;
			settings = {
			};
		};
		19B65297054B45C2003FAD43 = {
			fileRef = 190A4E810523F20E00A80108;
			isa = PBXBuildFile;
			settings = {
			};
		};
		19B65298054B45C2003FAD43 = {
			fileRef = 19E91CD80529635B00A80108;
			isa = PBXBuildFile;
			settings = {
			};
		};
		19B65299054B45C2003FAD43 = {
			fileRef = 19EB149D053C7E1B00A80108;
			isa = PBXBuildFile;
			settings = {
			};
		};
		19B6529A054B45C2003FAD43 = {
			fileRef = 19A8EBD6053DEE4000A80108;
			isa = PBXBuildFile;
			settings = {
			};
		};
		19B6529B054B45C2003FAD43 = {
			fileRef = 19E91CC5052940B700A80108;
			isa = PBXBuildFile;
			settings = {
			};
		};
		19B6529C054B45C2003FAD43 = {
			buildActionMask = 2147483647;
			files = (
				19B6529D054B45C2003FAD43,
			);
			isa = PBXResourcesBuildPhase;
			runOnlyForDeploymentPostprocessing = 0;
		};
		19B6529D054B45C2003FAD43 = {
			fileRef = 089C1666FE841158C02AAC07;
			isa = PBXBuildFile;
			settings = {
			};
		};
		19B6529E054B45C2003FAD43 = {
			buildActionMask = 2147483647;
			files = (
				19B6529F054B45C2003FAD43,
				19B652A0054B45C2003FAD43,
				19B652A1054B45C2003FAD43,
				19B652A2054B45C2003FAD43,
				19B652A3054B45C2003FAD43,
				19B652A4054B45C2003FAD43,
				19B652A5054B45C2003FAD43,
				19B652A6054B45C2003FAD43,
				19B652A7054B45C2003FAD43,
				19B652A8054B45C2003FAD43,
			);
			isa = PBXSourcesBuildPhase;
			runOnlyForDeploymentPostprocessing = 0;
		};
		19B6529F054B45C2003FAD43 = {
			fileRef = 08FB77B4FE84181DC02AAC07;
			isa = PBXBuildFile;
			settings = {
				ATTRIBUTES = (
				);
			};
		};
		19B652A0054B45C2003FAD43 = {
			fileRef = 190D6996051AA7F400A80108;
			isa = PBXBuildFile;
			settings = {
			};
		};
		19B652A1054B45C2003FAD43 = {
			fileRef = 19C099D705200C2100A80108;
			isa = PBXBuildFile;
			settings = {
			};
		};
		19B652A2054B45C2003FAD43 = {
			fileRef = 19C099DD052099CB00A80108;
			isa = PBXBuildFile;
			settings = {
			};
		};
		19B652A3054B45C2003FAD43 = {
			fileRef = 190A4E5505238FA600A80108;
			isa = PBXBuildFile;
			settings = {
			};
		};
		19B652A4054B45C2003FAD43 = {
			fileRef = 190A4E6F0523CA2900A80108;
			isa = PBXBuildFile;
			settings = {
			};
		};
		19B652A5054B45C2003FAD43 = {
			fileRef = 190A4E820523F20E00A80108;
			isa = PBXBuildFile;
			settings = {
			};
		};
		19B652A6054B45C2003FAD43 = {
			fileRef = 19EB149E053C7E1B00A80108;
			isa = PBXBuildFile;
			settings = {
			};
		};
		19B652A7054B45C2003FAD43 = {
			fileRef = 19A8EBD7053DEE4000A80108;
			isa = PBXBuildFile;
			settings = {
			};
		};
		19B652A8054B45C2003FAD43 = {
			fileRef = 19E91CC6052940B700A80108;
			isa = PBXBuildFile;
			settings = {
			};
		};
		19B652A9054B45C2003FAD43 = {
			buildActionMask = 2147483647;
			files = (
				19B652AA054B45C2003FAD43,
			);
			isa = PBXFrameworksBuildPhase;
			runOnlyForDeploymentPostprocessing = 0;
		};
		19B652AA054B45C2003FAD43 = {
			fileRef = 1058C7B1FEA5585E11CA2CBB;
			isa = PBXBuildFile;
			settings = {
			};
		};
		19B652AB054B45C2003FAD43 = {
			buildActionMask = 2147483647;
			files = (
			);
			isa = PBXRezBuildPhase;
			runOnlyForDeploymentPostprocessing = 0;
		};
		19B652AD054B45C2003FAD43 = {
			isa = PBXFileReference;
			lastKnownFileType = text.plist;
			path = "Info-FitX__Upgraded_.plist";
			refType = 4;
			sourceTree = "<group>";
		};
		19B652AE054B45C2003FAD43 = {
			explicitFileType = wrapper.framework;
			includeInIndex = 0;
			isa = PBXFileReference;
			path = Fitx.framework;
			refType = 3;
			sourceTree = BUILT_PRODUCTS_DIR;
		};
		19C099D605200C2100A80108 = {
			fileEncoding = 4;
			isa = PBXFileReference;
			lastKnownFileType = sourcecode.c.h;
			name = TypeAdapter.h;
			path = src/fit/TypeAdapter.h;
			refType = 4;
			sourceTree = "<group>";
		};
		19C099D705200C2100A80108 = {
			fileEncoding = 4;
			isa = PBXFileReference;
			lastKnownFileType = sourcecode.c.objc;
			name = TypeAdapter.m;
			path = src/fit/TypeAdapter.m;
			refType = 4;
			sourceTree = "<group>";
		};
		19C099DC052099CB00A80108 = {
			fileEncoding = 4;
			isa = PBXFileReference;
			lastKnownFileType = sourcecode.c.h;
			name = Fixture.h;
			path = src/fit/Fixture.h;
			refType = 4;
			sourceTree = "<group>";
		};
		19C099DD052099CB00A80108 = {
			fileEncoding = 4;
			isa = PBXFileReference;
			lastKnownFileType = sourcecode.c.objc;
			name = Fixture.m;
			path = src/fit/Fixture.m;
			refType = 4;
			sourceTree = "<group>";
		};
		19E91C9F0528DACF00A80108 = {
			children = (
				19EB14A6053CA5B800A80108,
				190A4E740523CC5300A80108,
				190A4E750523CC5300A80108,
				19E91CCB0529412600A80108,
				19814EF2052BBD5700A80108,
				19814EF3052BBD5700A80108,
				19E91CCC0529412600A80108,
			);
			isa = PBXGroup;
			name = eg;
			refType = 4;
			sourceTree = "<group>";
		};
		19E91CA00528DAFC00A80108 = {
			children = (
				199F07AD051A9FFB00A80108,
				199F07AE051A9FFB00A80108,
				190A4E580523904700A80108,
				190A4E5505238FA600A80108,
				190D698F051AA34900A80108,
				190D6995051AA7F400A80108,
				190D6996051AA7F400A80108,
				19C099D605200C2100A80108,
				19C099D705200C2100A80108,
				19C099DC052099CB00A80108,
				19C099DD052099CB00A80108,
				190A4E810523F20E00A80108,
				190A4E820523F20E00A80108,
				19E91CC5052940B700A80108,
				19E91CC6052940B700A80108,
				190A4E6E0523CA2900A80108,
				190A4E6F0523CA2900A80108,
				19A8EBD6053DEE4000A80108,
				19A8EBD7053DEE4000A80108,
				19EB149D053C7E1B00A80108,
				19EB149E053C7E1B00A80108,
				190D6991051AA6D500A80108,
				190D6992051AA6D500A80108,
				08FB77B4FE84181DC02AAC07,
				199F07AB051A9F9D00A80108,
				19E91CD80529635B00A80108,
			);
			isa = PBXGroup;
			name = fit;
			refType = 4;
			sourceTree = "<group>";
		};
		19E91CC5052940B700A80108 = {
			fileEncoding = 4;
			isa = PBXFileReference;
			lastKnownFileType = sourcecode.c.h;
			name = ColumnFixture.h;
			path = src/fit/ColumnFixture.h;
			refType = 4;
			sourceTree = "<group>";
		};
		19E91CC6052940B700A80108 = {
			fileEncoding = 4;
			isa = PBXFileReference;
			lastKnownFileType = sourcecode.c.objc;
			name = ColumnFixture.m;
			path = src/fit/ColumnFixture.m;
			refType = 4;
			sourceTree = "<group>";
		};
		19E91CCB0529412600A80108 = {
			fileEncoding = 4;
			isa = PBXFileReference;
			lastKnownFileType = sourcecode.c.h;
			name = EGArithmeticColumnFixture.h;
			path = src/eg/EGArithmeticColumnFixture.h;
			refType = 4;
			sourceTree = "<group>";
		};
		19E91CCC0529412600A80108 = {
			fileEncoding = 4;
			isa = PBXFileReference;
			lastKnownFileType = sourcecode.c.objc;
			name = EGArithmeticColumnFixture.m;
			path = src/eg/EGArithmeticColumnFixture.m;
			refType = 4;
			sourceTree = "<group>";
		};
		19E91CD80529635B00A80108 = {
			fileEncoding = 4;
			isa = PBXFileReference;
			lastKnownFileType = sourcecode.c.h;
			name = fit.h;
			path = src/fit/fit.h;
			refType = 4;
			sourceTree = "<group>";
		};
		19EB149D053C7E1B00A80108 = {
			fileEncoding = 4;
			isa = PBXFileReference;
			lastKnownFileType = sourcecode.c.h;
			name = FITActionFixture.h;
			path = src/fit/FITActionFixture.h;
			refType = 4;
			sourceTree = "<group>";
		};
		19EB149E053C7E1B00A80108 = {
			fileEncoding = 4;
			isa = PBXFileReference;
			lastKnownFileType = sourcecode.c.objc;
			name = FITActionFixture.m;
			path = src/fit/FITActionFixture.m;
			refType = 4;
			sourceTree = "<group>";
		};
		19EB14A6053CA5B800A80108 = {
			children = (
				19A8EBD0053DEE0C00A80108,
				19A8EBD1053DEE0C00A80108,
				19EB14A7053CA5E000A80108,
				19EB14A8053CA5E000A80108,
				198F4BCA0544A8F900A80108,
				198F4BCB0544A8F900A80108,
				19A8EBDE053DF0AF00A80108,
				19A8EBDF053DF0AF00A80108,
			);
			isa = PBXGroup;
			name = music;
			refType = 4;
			sourceTree = "<group>";
		};
		19EB14A7053CA5E000A80108 = {
			fileEncoding = 4;
			isa = PBXFileReference;
			lastKnownFileType = sourcecode.c.h;
			name = EGMusicBrowser.h;
			path = src/eg/music/EGMusicBrowser.h;
			refType = 4;
			sourceTree = "<group>";
		};
		19EB14A8053CA5E000A80108 = {
			fileEncoding = 4;
			isa = PBXFileReference;
			lastKnownFileType = sourcecode.c.objc;
			name = EGMusicBrowser.m;
			path = src/eg/music/EGMusicBrowser.m;
			refType = 4;
			sourceTree = "<group>";
		};
		19F98F30054B472500CF6A23 = {
			buildPhases = (
				19F98F31054B472500CF6A23,
				19F98F43054B472500CF6A23,
				19F98F54054B472500CF6A23,
				19F98F56054B472500CF6A23,
			);
			buildRules = (
			);
			buildSettings = {
				CC = "/usr/bin/gcc-3.3";
				CPLUSPLUS = "/usr/bing++-3.3";
				FRAMEWORK_SEARCH_PATHS = /Users/stevennewton/Library/Frameworks;
				GCC_PRECOMPILE_PREFIX_HEADER = YES;
				GCC_PREFIX_HEADER = src/Fit_Prefix.h;
				GCC_WARN_FOUR_CHARACTER_CONSTANTS = NO;
				GCC_WARN_UNKNOWN_PRAGMAS = NO;
				OTHER_CFLAGS = "";
				OTHER_LDFLAGS = "";
				OTHER_REZFLAGS = "";
				PRODUCT_NAME = FileRunner;
				REZ_EXECUTABLE = YES;
				SECTORDER_FLAGS = "";
				WARNING_CFLAGS = "-Wmost";
			};
			dependencies = (
				19F98F5F054B478100CF6A23,
			);
			isa = PBXNativeTarget;
			name = FileRunner;
			productInstallPath = /usr/local/bin;
			productName = FileRunner;
			productReference = 19F98F58054B472600CF6A23;
			productType = "com.apple.product-type.tool";
		};
		19F98F31054B472500CF6A23 = {
			buildActionMask = 2147483647;
			files = (
				19F98F32054B472500CF6A23,
				19F98F33054B472500CF6A23,
				19F98F34054B472500CF6A23,
				19F98F35054B472500CF6A23,
				19F98F36054B472500CF6A23,
				19F98F37054B472500CF6A23,
				19F98F38054B472500CF6A23,
				19F98F39054B472500CF6A23,
				19F98F3A054B472500CF6A23,
				19F98F3B054B472500CF6A23,
				19F98F3C054B472500CF6A23,
				19F98F3D054B472500CF6A23,
				19F98F3E054B472500CF6A23,
				19F98F3F054B472500CF6A23,
				19F98F40054B472500CF6A23,
				19F98F41054B472500CF6A23,
				19F98F42054B472500CF6A23,
			);
			isa = PBXHeadersBuildPhase;
			runOnlyForDeploymentPostprocessing = 0;
		};
		19F98F32054B472500CF6A23 = {
			fileRef = 19C099D605200C2100A80108;
			isa = PBXBuildFile;
			settings = {
			};
		};
		19F98F33054B472500CF6A23 = {
			fileRef = 190D6995051AA7F400A80108;
			isa = PBXBuildFile;
			settings = {
			};
		};
		19F98F34054B472500CF6A23 = {
			fileRef = 19C099DC052099CB00A80108;
			isa = PBXBuildFile;
			settings = {
			};
		};
		19F98F35054B472500CF6A23 = {
			fileRef = 190A4E580523904700A80108;
			isa = PBXBuildFile;
			settings = {
			};
		};
		19F98F36054B472500CF6A23 = {
			fileRef = 190A4E6E0523CA2900A80108;
			isa = PBXBuildFile;
			settings = {
			};
		};
		19F98F37054B472500CF6A23 = {
			fileRef = 190A4E740523CC5300A80108;
			isa = PBXBuildFile;
			settings = {
			};
		};
		19F98F38054B472500CF6A23 = {
			fileRef = 190A4E810523F20E00A80108;
			isa = PBXBuildFile;
			settings = {
			};
		};
		19F98F39054B472500CF6A23 = {
			fileRef = 19E91CC5052940B700A80108;
			isa = PBXBuildFile;
			settings = {
			};
		};
		19F98F3A054B472500CF6A23 = {
			fileRef = 19E91CCB0529412600A80108;
			isa = PBXBuildFile;
			settings = {
			};
		};
		19F98F3B054B472500CF6A23 = {
			fileRef = 19E91CD80529635B00A80108;
			isa = PBXBuildFile;
			settings = {
			};
		};
		19F98F3C054B472500CF6A23 = {
			fileRef = 19814EF2052BBD5700A80108;
			isa = PBXBuildFile;
			settings = {
			};
		};
		19F98F3D054B472500CF6A23 = {
			fileRef = 19EB149D053C7E1B00A80108;
			isa = PBXBuildFile;
			settings = {
			};
		};
		19F98F3E054B472500CF6A23 = {
			fileRef = 19EB14A7053CA5E000A80108;
			isa = PBXBuildFile;
			settings = {
			};
		};
		19F98F3F054B472500CF6A23 = {
			fileRef = 19A8EBD0053DEE0C00A80108;
			isa = PBXBuildFile;
			settings = {
			};
		};
		19F98F40054B472500CF6A23 = {
			fileRef = 19A8EBD6053DEE4000A80108;
			isa = PBXBuildFile;
			settings = {
			};
		};
		19F98F41054B472500CF6A23 = {
			fileRef = 19A8EBDE053DF0AF00A80108;
			isa = PBXBuildFile;
			settings = {
			};
		};
		19F98F42054B472500CF6A23 = {
			fileRef = 198F4BCA0544A8F900A80108;
			isa = PBXBuildFile;
			settings = {
			};
		};
		19F98F43054B472500CF6A23 = {
			buildActionMask = 2147483647;
			files = (
				19F98F44054B472500CF6A23,
				19F98F45054B472500CF6A23,
				19F98F46054B472500CF6A23,
				19F98F47054B472500CF6A23,
				19F98F48054B472500CF6A23,
				19F98F49054B472500CF6A23,
				19F98F4A054B472500CF6A23,
				19F98F4B054B472500CF6A23,
				19F98F4C054B472500CF6A23,
				19F98F4D054B472500CF6A23,
				19F98F4E054B472500CF6A23,
				19F98F4F054B472500CF6A23,
				19F98F50054B472500CF6A23,
				19F98F51054B472500CF6A23,
				19F98F52054B472500CF6A23,
				19F98F53054B472500CF6A23,
			);
			isa = PBXSourcesBuildPhase;
			runOnlyForDeploymentPostprocessing = 0;
		};
		19F98F44054B472500CF6A23 = {
			fileRef = 19C099D705200C2100A80108;
			isa = PBXBuildFile;
			settings = {
			};
		};
		19F98F45054B472500CF6A23 = {
			fileRef = 190D6996051AA7F400A80108;
			isa = PBXBuildFile;
			settings = {
			};
		};
		19F98F46054B472500CF6A23 = {
			fileRef = 19C099DD052099CB00A80108;
			isa = PBXBuildFile;
			settings = {
			};
		};
		19F98F47054B472500CF6A23 = {
			fileRef = 190A4E5505238FA600A80108;
			isa = PBXBuildFile;
			settings = {
			};
		};
		19F98F48054B472500CF6A23 = {
			fileRef = 190A4E6F0523CA2900A80108;
			isa = PBXBuildFile;
			settings = {
			};
		};
		19F98F49054B472500CF6A23 = {
			fileRef = 190A4E750523CC5300A80108;
			isa = PBXBuildFile;
			settings = {
			};
		};
		19F98F4A054B472500CF6A23 = {
			fileRef = 190A4E820523F20E00A80108;
			isa = PBXBuildFile;
			settings = {
			};
		};
		19F98F4B054B472500CF6A23 = {
			fileRef = 19E91CC6052940B700A80108;
			isa = PBXBuildFile;
			settings = {
			};
		};
		19F98F4C054B472500CF6A23 = {
			fileRef = 19E91CCC0529412600A80108;
			isa = PBXBuildFile;
			settings = {
			};
		};
		19F98F4D054B472500CF6A23 = {
			fileRef = 19814EF3052BBD5700A80108;
			isa = PBXBuildFile;
			settings = {
			};
		};
		19F98F4E054B472500CF6A23 = {
			fileRef = 19EB149E053C7E1B00A80108;
			isa = PBXBuildFile;
			settings = {
			};
		};
		19F98F4F054B472500CF6A23 = {
			fileRef = 19EB14A8053CA5E000A80108;
			isa = PBXBuildFile;
			settings = {
			};
		};
		19F98F50054B472500CF6A23 = {
			fileRef = 19A8EBD1053DEE0C00A80108;
			isa = PBXBuildFile;
			settings = {
			};
		};
		19F98F51054B472500CF6A23 = {
			fileRef = 19A8EBD7053DEE4000A80108;
			isa = PBXBuildFile;
			settings = {
			};
		};
		19F98F52054B472500CF6A23 = {
			fileRef = 19A8EBDF053DF0AF00A80108;
			isa = PBXBuildFile;
			settings = {
			};
		};
		19F98F53054B472500CF6A23 = {
			fileRef = 198F4BCB0544A8F900A80108;
			isa = PBXBuildFile;
			settings = {
			};
		};
		19F98F54054B472500CF6A23 = {
			buildActionMask = 2147483647;
			files = (
				19F98F55054B472500CF6A23,
			);
			isa = PBXFrameworksBuildPhase;
			runOnlyForDeploymentPostprocessing = 0;
		};
		19F98F55054B472500CF6A23 = {
			fileRef = 1058C7B1FEA5585E11CA2CBB;
			isa = PBXBuildFile;
			settings = {
			};
		};
		19F98F56054B472500CF6A23 = {
			buildActionMask = 2147483647;
			files = (
			);
			isa = PBXRezBuildPhase;
			runOnlyForDeploymentPostprocessing = 0;
		};
		19F98F58054B472600CF6A23 = {
			explicitFileType = "compiled.mach-o.executable";
			includeInIndex = 0;
			isa = PBXFileReference;
			path = FileRunner;
			refType = 3;
			sourceTree = BUILT_PRODUCTS_DIR;
		};
		19F98F5E054B478100CF6A23 = {
			containerPortal = 0867D690FE84028FC02AAC07;
			isa = PBXContainerItemProxy;
			proxyType = 1;
			remoteGlobalIDString = 19B6528F054B45C2003FAD43;
			remoteInfo = FitX;
		};
		19F98F5F054B478100CF6A23 = {
			isa = PBXTargetDependency;
			target = 19B6528F054B45C2003FAD43;
			targetProxy = 19F98F5E054B478100CF6A23;
		};
//190
//191
//192
//193
//194
//320
//321
//322
//323
//324
		32C88DFF0371C24200C91783 = {
			children = (
				19E91CA00528DAFC00A80108,
				19E91C9F0528DACF00A80108,
			);
			isa = PBXGroup;
			name = "Other Sources";
			refType = 4;
			sourceTree = "<group>";
		};
	};
	rootObject = 0867D690FE84028FC02AAC07;
}
